
Microsoft Visual Studio Solution File, Format Version 12.00
# Visual Studio Version 17
VisualStudioVersion = 17.2.32616.157
MinimumVisualStudioVersion = 10.0.40219.1
Project("{FAE04EC0-301F-11D3-BF4B-00C04F79EFBC}") = "backGround job", "backGround job\backGround job.csproj", "{10C3C95C-385C-4A34-9163-A5D36208E168}"
EndProject
Global
	GlobalSection(SolutionConfigurationPlatforms) = preSolution
		Debug|Any CPU = Debug|Any CPU
		Release|Any CPU = Release|Any CPU
	EndGlobalSection
	GlobalSection(ProjectConfigurationPlatforms) = postSolution
		{10C3C95C-385C-4A34-9163-A5D36208E168}.Debug|Any CPU.ActiveCfg = Debug|Any CPU
		{10C3C95C-385C-4A34-9163-A5D36208E168}.Debug|Any CPU.Build.0 = Debug|Any CPU
		{10C3C95C-385C-4A34-9163-A5D36208E168}.Release|Any CPU.ActiveCfg = Release|Any CPU
		{10C3C95C-385C-4A34-9163-A5D36208E168}.Release|Any CPU.Build.0 = Release|Any CPU
	EndGlobalSection
	GlobalSection(SolutionProperties) = preSolution
		HideSolutionNode = FALSE
	EndGlobalSection
	GlobalSection(ExtensibilityGlobals) = postSolution
		SolutionGuid = {DDBED4EE-42CE-4E8C-928B-D628FF9A76B8}
	EndGlobalSection
EndGlobal
